// !$*UTF8*$!
{
	archiveVersion = 1;
	classes = {
	};
	objectVersion = 50;
	objects = {

/* Begin PBXBuildFile section */
		43C9CD6325915C8500580791 /* AppDelegate.swift in Sources */ = {isa = PBXBuildFile; fileRef = 43C9CD6225915C8500580791 /* AppDelegate.swift */; };
		43C9CD6525915C8500580791 /* SceneDelegate.swift in Sources */ = {isa = PBXBuildFile; fileRef = 43C9CD6425915C8500580791 /* SceneDelegate.swift */; };
		43C9CD6725915C8500580791 /* ViewController.swift in Sources */ = {isa = PBXBuildFile; fileRef = 43C9CD6625915C8500580791 /* ViewController.swift */; };
		43C9CD6A25915C8500580791 /* Main.storyboard in Resources */ = {isa = PBXBuildFile; fileRef = 43C9CD6825915C8500580791 /* Main.storyboard */; };
		43C9CD6C25915C8900580791 /* Assets.xcassets in Resources */ = {isa = PBXBuildFile; fileRef = 43C9CD6B25915C8900580791 /* Assets.xcassets */; };
		43C9CD6F25915C8900580791 /* LaunchScreen.storyboard in Resources */ = {isa = PBXBuildFile; fileRef = 43C9CD6D25915C8900580791 /* LaunchScreen.storyboard */; };
		43C9CD7A25915C8900580791 /* NewprojectTests.swift in Sources */ = {isa = PBXBuildFile; fileRef = 43C9CD7925915C8900580791 /* NewprojectTests.swift */; };
		43C9CD8525915C8900580791 /* NewprojectUITests.swift in Sources */ = {isa = PBXBuildFile; fileRef = 43C9CD8425915C8900580791 /* NewprojectUITests.swift */; };
/* End PBXBuildFile section */

/* Begin PBXContainerItemProxy section */
		43C9CD7625915C8900580791 /* PBXContainerItemProxy */ = {
			isa = PBXContainerItemProxy;
			containerPortal = 43C9CD5725915C8500580791 /* Project object */;
			proxyType = 1;
			remoteGlobalIDString = 43C9CD5E25915C8500580791;
			remoteInfo = Newproject;
		};
		43C9CD8125915C8900580791 /* PBXContainerItemProxy */ = {
			isa = PBXContainerItemProxy;
			containerPortal = 43C9CD5725915C8500580791 /* Project object */;
			proxyType = 1;
			remoteGlobalIDString = 43C9CD5E25915C8500580791;
			remoteInfo = Newproject;
		};
/* End PBXContainerItemProxy section */

/* Begin PBXFileReference section */
		43C9CD5F25915C8500580791 /* Newproject.app */ = {isa = PBXFileReference; explicitFileType = wrapper.application; includeInIndex = 0; path = Newproject.app; sourceTree = BUILT_PRODUCTS_DIR; };
		43C9CD6225915C8500580791 /* AppDelegate.swift */ = {isa = PBXFileReference; lastKnownFileType = sourcecode.swift; path = AppDelegate.swift; sourceTree = "<group>"; };
		43C9CD6425915C8500580791 /* SceneDelegate.swift */ = {isa = PBXFileReference; lastKnownFileType = sourcecode.swift; path = SceneDelegate.swift; sourceTree = "<group>"; };
		43C9CD6625915C8500580791 /* ViewController.swift */ = {isa = PBXFileReference; lastKnownFileType = sourcecode.swift; path = ViewController.swift; sourceTree = "<group>"; };
		43C9CD6925915C8500580791 /* Base */ = {isa = PBXFileReference; lastKnownFileType = file.storyboard; name = Base; path = Base.lproj/Main.storyboard; sourceTree = "<group>"; };
		43C9CD6B25915C8900580791 /* Assets.xcassets */ = {isa = PBXFileReference; lastKnownFileType = folder.assetcatalog; path = Assets.xcassets; sourceTree = "<group>"; };
		43C9CD6E25915C8900580791 /* Base */ = {isa = PBXFileReference; lastKnownFileType = file.storyboard; name = Base; path = Base.lproj/LaunchScreen.storyboard; sourceTree = "<group>"; };
		43C9CD7025915C8900580791 /* Info.plist */ = {isa = PBXFileReference; lastKnownFileType = text.plist.xml; path = Info.plist; sourceTree = "<group>"; };
		43C9CD7525915C8900580791 /* NewprojectTests.xctest */ = {isa = PBXFileReference; explicitFileType = wrapper.cfbundle; includeInIndex = 0; path = NewprojectTests.xctest; sourceTree = BUILT_PRODUCTS_DIR; };
		43C9CD7925915C8900580791 /* NewprojectTests.swift */ = {isa = PBXFileReference; lastKnownFileType = sourcecode.swift; path = NewprojectTests.swift; sourceTree = "<group>"; };
		43C9CD7B25915C8900580791 /* Info.plist */ = {isa = PBXFileReference; lastKnownFileType = text.plist.xml; path = Info.plist; sourceTree = "<group>"; };
		43C9CD8025915C8900580791 /* NewprojectUITests.xctest */ = {isa = PBXFileReference; explicitFileType = wrapper.cfbundle; includeInIndex = 0; path = NewprojectUITests.xctest; sourceTree = BUILT_PRODUCTS_DIR; };
		43C9CD8425915C8900580791 /* NewprojectUITests.swift */ = {isa = PBXFileReference; lastKnownFileType = sourcecode.swift; path = NewprojectUITests.swift; sourceTree = "<group>"; };
		43C9CD8625915C8900580791 /* Info.plist */ = {isa = PBXFileReference; lastKnownFileType = text.plist.xml; path = Info.plist; sourceTree = "<group>"; };
/* End PBXFileReference section */

/* Begin PBXFrameworksBuildPhase section */
		43C9CD5C25915C8500580791 /* Frameworks */ = {
			isa = PBXFrameworksBuildPhase;
			buildActionMask = 2147483647;
			files = (
			);
			runOnlyForDeploymentPostprocessing = 0;
		};
		43C9CD7225915C8900580791 /* Frameworks */ = {
			isa = PBXFrameworksBuildPhase;
			buildActionMask = 2147483647;
			files = (
			);
			runOnlyForDeploymentPostprocessing = 0;
		};
		43C9CD7D25915C8900580791 /* Frameworks */ = {
			isa = PBXFrameworksBuildPhase;
			buildActionMask = 2147483647;
			files = (
			);
			runOnlyForDeploymentPostprocessing = 0;
		};
/* End PBXFrameworksBuildPhase section */

/* Begin PBXGroup section */
		43C9CD5625915C8500580791 = {
			isa = PBXGroup;
			children = (
				43C9CD6125915C8500580791 /* Newproject */,
				43C9CD7825915C8900580791 /* NewprojectTests */,
				43C9CD8325915C8900580791 /* NewprojectUITests */,
				43C9CD6025915C8500580791 /* Products */,
			);
			sourceTree = "<group>";
		};
		43C9CD6025915C8500580791 /* Products */ = {
			isa = PBXGroup;
			children = (
				43C9CD5F25915C8500580791 /* Newproject.app */,
				43C9CD7525915C8900580791 /* NewprojectTests.xctest */,
				43C9CD8025915C8900580791 /* NewprojectUITests.xctest */,
			);
			name = Products;
			sourceTree = "<group>";
		};
		43C9CD6125915C8500580791 /* Newproject */ = {
			isa = PBXGroup;
			children = (
				43C9CD6225915C8500580791 /* AppDelegate.swift */,
				43C9CD6425915C8500580791 /* SceneDelegate.swift */,
				43C9CD6625915C8500580791 /* ViewController.swift */,
				43C9CD6825915C8500580791 /* Main.storyboard */,
				43C9CD6B25915C8900580791 /* Assets.xcassets */,
				43C9CD6D25915C8900580791 /* LaunchScreen.storyboard */,
				43C9CD7025915C8900580791 /* Info.plist */,
			);
			path = Newproject;
			sourceTree = "<group>";
		};
		43C9CD7825915C8900580791 /* NewprojectTests */ = {
			isa = PBXGroup;
			children = (
				43C9CD7925915C8900580791 /* NewprojectTests.swift */,
				43C9CD7B25915C8900580791 /* Info.plist */,
			);
			path = NewprojectTests;
			sourceTree = "<group>";
		};
		43C9CD8325915C8900580791 /* NewprojectUITests */ = {
			isa = PBXGroup;
			children = (
				43C9CD8425915C8900580791 /* NewprojectUITests.swift */,
				43C9CD8625915C8900580791 /* Info.plist */,
			);
			path = NewprojectUITests;
			sourceTree = "<group>";
		};
/* End PBXGroup section */

/* Begin PBXNativeTarget section */
		43C9CD5E25915C8500580791 /* Newproject */ = {
			isa = PBXNativeTarget;
			buildConfigurationList = 43C9CD8925915C8900580791 /* Build configuration list for PBXNativeTarget "Newproject" */;
			buildPhases = (
				43C9CD5B25915C8500580791 /* Sources */,
				43C9CD5C25915C8500580791 /* Frameworks */,
				43C9CD5D25915C8500580791 /* Resources */,
			);
			buildRules = (
			);
			dependencies = (
			);
			name = Newproject;
			productName = Newproject;
			productReference = 43C9CD5F25915C8500580791 /* Newproject.app */;
			productType = "com.apple.product-type.application";
		};
		43C9CD7425915C8900580791 /* NewprojectTests */ = {
			isa = PBXNativeTarget;
			buildConfigurationList = 43C9CD8C25915C8900580791 /* Build configuration list for PBXNativeTarget "NewprojectTests" */;
			buildPhases = (
				43C9CD7125915C8900580791 /* Sources */,
				43C9CD7225915C8900580791 /* Frameworks */,
				43C9CD7325915C8900580791 /* Resources */,
			);
			buildRules = (
			);
			dependencies = (
				43C9CD7725915C8900580791 /* PBXTargetDependency */,
			);
			name = NewprojectTests;
			productName = NewprojectTests;
			productReference = 43C9CD7525915C8900580791 /* NewprojectTests.xctest */;
			productType = "com.apple.product-type.bundle.unit-test";
		};
		43C9CD7F25915C8900580791 /* NewprojectUITests */ = {
			isa = PBXNativeTarget;
			buildConfigurationList = 43C9CD8F25915C8900580791 /* Build configuration list for PBXNativeTarget "NewprojectUITests" */;
			buildPhases = (
				43C9CD7C25915C8900580791 /* Sources */,
				43C9CD7D25915C8900580791 /* Frameworks */,
				43C9CD7E25915C8900580791 /* Resources */,
			);
			buildRules = (
			);
			dependencies = (
				43C9CD8225915C8900580791 /* PBXTargetDependency */,
			);
			name = NewprojectUITests;
			productName = NewprojectUITests;
			productReference = 43C9CD8025915C8900580791 /* NewprojectUITests.xctest */;
			productType = "com.apple.product-type.bundle.ui-testing";
		};
/* End PBXNativeTarget section */

/* Begin PBXProject section */
		43C9CD5725915C8500580791 /* Project object */ = {
			isa = PBXProject;
			attributes = {
				LastSwiftUpdateCheck = 1230;
				LastUpgradeCheck = 1230;
				TargetAttributes = {
					43C9CD5E25915C8500580791 = {
						CreatedOnToolsVersion = 12.3;
					};
					43C9CD7425915C8900580791 = {
						CreatedOnToolsVersion = 12.3;
						TestTargetID = 43C9CD5E25915C8500580791;
					};
					43C9CD7F25915C8900580791 = {
						CreatedOnToolsVersion = 12.3;
						TestTargetID = 43C9CD5E25915C8500580791;
					};
				};
			};
			buildConfigurationList = 43C9CD5A25915C8500580791 /* Build configuration list for PBXProject "Newproject" */;
			compatibilityVersion = "Xcode 9.3";
			developmentRegion = en;
			hasScannedForEncodings = 0;
			knownRegions = (
				en,
				Base,
			);
			mainGroup = 43C9CD5625915C8500580791;
			productRefGroup = 43C9CD6025915C8500580791 /* Products */;
			projectDirPath = "";
			projectRoot = "";
			targets = (
				43C9CD5E25915C8500580791 /* Newproject */,
				43C9CD7425915C8900580791 /* NewprojectTests */,
				43C9CD7F25915C8900580791 /* NewprojectUITests */,
			);
		};
/* End PBXProject section */

/* Begin PBXResourcesBuildPhase section */
		43C9CD5D25915C8500580791 /* Resources */ = {
			isa = PBXResourcesBuildPhase;
			buildActionMask = 2147483647;
			files = (
				43C9CD6F25915C8900580791 /* LaunchScreen.storyboard in Resources */,
				43C9CD6C25915C8900580791 /* Assets.xcassets in Resources */,
				43C9CD6A25915C8500580791 /* Main.storyboard in Resources */,
			);
			runOnlyForDeploymentPostprocessing = 0;
		};
		43C9CD7325915C8900580791 /* Resources */ = {
			isa = PBXResourcesBuildPhase;
			buildActionMask = 2147483647;
			files = (
			);
			runOnlyForDeploymentPostprocessing = 0;
		};
		43C9CD7E25915C8900580791 /* Resources */ = {
			isa = PBXResourcesBuildPhase;
			buildActionMask = 2147483647;
			files = (
			);
			runOnlyForDeploymentPostprocessing = 0;
		};
/* End PBXResourcesBuildPhase section */

/* Begin PBXSourcesBuildPhase section */
		43C9CD5B25915C8500580791 /* Sources */ = {
			isa = PBXSourcesBuildPhase;
			buildActionMask = 2147483647;
			files = (
				43C9CD6725915C8500580791 /* ViewController.swift in Sources */,
				43C9CD6325915C8500580791 /* AppDelegate.swift in Sources */,
				43C9CD6525915C8500580791 /* SceneDelegate.swift in Sources */,
			);
			runOnlyForDeploymentPostprocessing = 0;
		};
		43C9CD7125915C8900580791 /* Sources */ = {
			isa = PBXSourcesBuildPhase;
			buildActionMask = 2147483647;
			files = (
				43C9CD7A25915C8900580791 /* NewprojectTests.swift in Sources */,
			);
			runOnlyForDeploymentPostprocessing = 0;
		};
		43C9CD7C25915C8900580791 /* Sources */ = {
			isa = PBXSourcesBuildPhase;
			buildActionMask = 2147483647;
			files = (
				43C9CD8525915C8900580791 /* NewprojectUITests.swift in Sources */,
			);
			runOnlyForDeploymentPostprocessing = 0;
		};
/* End PBXSourcesBuildPhase section */

/* Begin PBXTargetDependency section */
		43C9CD7725915C8900580791 /* PBXTargetDependency */ = {
			isa = PBXTargetDependency;
			target = 43C9CD5E25915C8500580791 /* Newproject */;
			targetProxy = 43C9CD7625915C8900580791 /* PBXContainerItemProxy */;
		};
		43C9CD8225915C8900580791 /* PBXTargetDependency */ = {
			isa = PBXTargetDependency;
			target = 43C9CD5E25915C8500580791 /* Newproject */;
			targetProxy = 43C9CD8125915C8900580791 /* PBXContainerItemProxy */;
		};
/* End PBXTargetDependency section */

/* Begin PBXVariantGroup section */
		43C9CD6825915C8500580791 /* Main.storyboard */ = {
			isa = PBXVariantGroup;
			children = (
				43C9CD6925915C8500580791 /* Base */,
			);
			name = Main.storyboard;
			sourceTree = "<group>";
		};
		43C9CD6D25915C8900580791 /* LaunchScreen.storyboard */ = {
			isa = PBXVariantGroup;
			children = (
				43C9CD6E25915C8900580791 /* Base */,
			);
			name = LaunchScreen.storyboard;
			sourceTree = "<group>";
		};
/* End PBXVariantGroup section */

/* Begin XCBuildConfiguration section */
		43C9CD8725915C8900580791 /* Debug */ = {
			isa = XCBuildConfiguration;
			buildSettings = {
				ALWAYS_SEARCH_USER_PATHS = NO;
				CLANG_ANALYZER_NONNULL = YES;
				CLANG_ANALYZER_NUMBER_OBJECT_CONVERSION = YES_AGGRESSIVE;
				CLANG_CXX_LANGUAGE_STANDARD = "gnu++14";
				CLANG_CXX_LIBRARY = "libc++";
				CLANG_ENABLE_MODULES = YES;
				CLANG_ENABLE_OBJC_ARC = YES;
				CLANG_ENABLE_OBJC_WEAK = YES;
				CLANG_WARN_BLOCK_CAPTURE_AUTORELEASING = YES;
				CLANG_WARN_BOOL_CONVERSION = YES;
				CLANG_WARN_COMMA = YES;
				CLANG_WARN_CONSTANT_CONVERSION = YES;
				CLANG_WARN_DEPRECATED_OBJC_IMPLEMENTATIONS = YES;
				CLANG_WARN_DIRECT_OBJC_ISA_USAGE = YES_ERROR;
				CLANG_WARN_DOCUMENTATION_COMMENTS = YES;
				CLANG_WARN_EMPTY_BODY = YES;
				CLANG_WARN_ENUM_CONVERSION = YES;
				CLANG_WARN_INFINITE_RECURSION = YES;
				CLANG_WARN_INT_CONVERSION = YES;
				CLANG_WARN_NON_LITERAL_NULL_CONVERSION = YES;
				CLANG_WARN_OBJC_IMPLICIT_RETAIN_SELF = YES;
				CLANG_WARN_OBJC_LITERAL_CONVERSION = YES;
				CLANG_WARN_OBJC_ROOT_CLASS = YES_ERROR;
				CLANG_WARN_QUOTED_INCLUDE_IN_FRAMEWORK_HEADER = YES;
				CLANG_WARN_RANGE_LOOP_ANALYSIS = YES;
				CLANG_WARN_STRICT_PROTOTYPES = YES;
				CLANG_WARN_SUSPICIOUS_MOVE = YES;
				CLANG_WARN_UNGUARDED_AVAILABILITY = YES_AGGRESSIVE;
				CLANG_WARN_UNREACHABLE_CODE = YES;
				CLANG_WARN__DUPLICATE_METHOD_MATCH = YES;
				COPY_PHASE_STRIP = NO;
				DEBUG_INFORMATION_FORMAT = dwarf;
				ENABLE_STRICT_OBJC_MSGSEND = YES;
				ENABLE_TESTABILITY = YES;
				GCC_C_LANGUAGE_STANDARD = gnu11;
				GCC_DYNAMIC_NO_PIC = NO;
				GCC_NO_COMMON_BLOCKS = YES;
				GCC_OPTIMIZATION_LEVEL = 0;
				GCC_PREPROCESSOR_DEFINITIONS = (
					"DEBUG=1",
					"$(inherited)",
				);
				GCC_WARN_64_TO_32_BIT_CONVERSION = YES;
				GCC_WARN_ABOUT_RETURN_TYPE = YES_ERROR;
				GCC_WARN_UNDECLARED_SELECTOR = YES;
				GCC_WARN_UNINITIALIZED_AUTOS = YES_AGGRESSIVE;
				GCC_WARN_UNUSED_FUNCTION = YES;
				GCC_WARN_UNUSED_VARIABLE = YES;
				IPHONEOS_DEPLOYMENT_TARGET = 14.3;
				MTL_ENABLE_DEBUG_INFO = INCLUDE_SOURCE;
				MTL_FAST_MATH = YES;
				ONLY_ACTIVE_ARCH = YES;
				SDKROOT = iphoneos;
				SWIFT_ACTIVE_COMPILATION_CONDITIONS = DEBUG;
				SWIFT_OPTIMIZATION_LEVEL = "-Onone";
			};
			name = Debug;
		};
		43C9CD8825915C8900580791 /* Release */ = {
			isa = XCBuildConfiguration;
			buildSettings = {
				ALWAYS_SEARCH_USER_PATHS = NO;
				CLANG_ANALYZER_NONNULL = YES;
				CLANG_ANALYZER_NUMBER_OBJECT_CONVERSION = YES_AGGRESSIVE;
				CLANG_CXX_LANGUAGE_STANDARD = "gnu++14";
				CLANG_CXX_LIBRARY = "libc++";
				CLANG_ENABLE_MODULES = YES;
				CLANG_ENABLE_OBJC_ARC = YES;
				CLANG_ENABLE_OBJC_WEAK = YES;
				CLANG_WARN_BLOCK_CAPTURE_AUTORELEASING = YES;
				CLANG_WARN_BOOL_CONVERSION = YES;
				CLANG_WARN_COMMA = YES;
				CLANG_WARN_CONSTANT_CONVERSION = YES;
				CLANG_WARN_DEPRECATED_OBJC_IMPLEMENTATIONS = YES;
				CLANG_WARN_DIRECT_OBJC_ISA_USAGE = YES_ERROR;
				CLANG_WARN_DOCUMENTATION_COMMENTS = YES;
				CLANG_WARN_EMPTY_BODY = YES;
				CLANG_WARN_ENUM_CONVERSION = YES;
				CLANG_WARN_INFINITE_RECURSION = YES;
				CLANG_WARN_INT_CONVERSION = YES;
				CLANG_WARN_NON_LITERAL_NULL_CONVERSION = YES;
				CLANG_WARN_OBJC_IMPLICIT_RETAIN_SELF = YES;
				CLANG_WARN_OBJC_LITERAL_CONVERSION = YES;
				CLANG_WARN_OBJC_ROOT_CLASS = YES_ERROR;
				CLANG_WARN_QUOTED_INCLUDE_IN_FRAMEWORK_HEADER = YES;
				CLANG_WARN_RANGE_LOOP_ANALYSIS = YES;
				CLANG_WARN_STRICT_PROTOTYPES = YES;
				CLANG_WARN_SUSPICIOUS_MOVE = YES;
				CLANG_WARN_UNGUARDED_AVAILABILITY = YES_AGGRESSIVE;
				CLANG_WARN_UNREACHABLE_CODE = YES;
				CLANG_WARN__DUPLICATE_METHOD_MATCH = YES;
				COPY_PHASE_STRIP = NO;
				DEBUG_INFORMATION_FORMAT = "dwarf-with-dsym";
				ENABLE_NS_ASSERTIONS = NO;
				ENABLE_STRICT_OBJC_MSGSEND = YES;
				GCC_C_LANGUAGE_STANDARD = gnu11;
				GCC_NO_COMMON_BLOCKS = YES;
				GCC_WARN_64_TO_32_BIT_CONVERSION = YES;
				GCC_WARN_ABOUT_RETURN_TYPE = YES_ERROR;
				GCC_WARN_UNDECLARED_SELECTOR = YES;
				GCC_WARN_UNINITIALIZED_AUTOS = YES_AGGRESSIVE;
				GCC_WARN_UNUSED_FUNCTION = YES;
				GCC_WARN_UNUSED_VARIABLE = YES;
				IPHONEOS_DEPLOYMENT_TARGET = 14.3;
				MTL_ENABLE_DEBUG_INFO = NO;
				MTL_FAST_MATH = YES;
				SDKROOT = iphoneos;
				SWIFT_COMPILATION_MODE = wholemodule;
				SWIFT_OPTIMIZATION_LEVEL = "-O";
				VALIDATE_PRODUCT = YES;
			};
			name = Release;
		};
		43C9CD8A25915C8900580791 /* Debug */ = {
			isa = XCBuildConfiguration;
			buildSettings = {
				ASSETCATALOG_COMPILER_APPICON_NAME = AppIcon;
				ASSETCATALOG_COMPILER_GLOBAL_ACCENT_COLOR_NAME = AccentColor;
				CODE_SIGN_STYLE = Automatic;
				INFOPLIST_FILE = Newproject/Info.plist;
				LD_RUNPATH_SEARCH_PATHS = (
					"$(inherited)",
					"@executable_path/Frameworks",
				);
				PRODUCT_BUNDLE_IDENTIFIER = prework.Newproject;
				PRODUCT_NAME = "$(TARGET_NAME)";
				SWIFT_VERSION = 5.0;
				TARGETED_DEVICE_FAMILY = "1,2";
			};
			name = Debug;
		};
		43C9CD8B25915C8900580791 /* Release */ = {
			isa = XCBuildConfiguration;
			buildSettings = {
				ASSETCATALOG_COMPILER_APPICON_NAME = AppIcon;
				ASSETCATALOG_COMPILER_GLOBAL_ACCENT_COLOR_NAME = AccentColor;
				CODE_SIGN_STYLE = Automatic;
				INFOPLIST_FILE = Newproject/Info.plist;
				LD_RUNPATH_SEARCH_PATHS = (
					"$(inherited)",
					"@executable_path/Frameworks",
				);
				PRODUCT_BUNDLE_IDENTIFIER = prework.Newproject;
				PRODUCT_NAME = "$(TARGET_NAME)";
				SWIFT_VERSION = 5.0;
				TARGETED_DEVICE_FAMILY = "1,2";
			};
			name = Release;
		};
		43C9CD8D25915C8900580791 /* Debug */ = {
			isa = XCBuildConfiguration;
			buildSettings = {
				ALWAYS_EMBED_SWIFT_STANDARD_LIBRARIES = YES;
				BUNDLE_LOADER = "$(TEST_HOST)";
				CODE_SIGN_STYLE = Automatic;
				INFOPLIST_FILE = NewprojectTests/Info.plist;
				IPHONEOS_DEPLOYMENT_TARGET = 14.3;
				LD_RUNPATH_SEARCH_PATHS = (
					"$(inherited)",
					"@executable_path/Frameworks",
					"@loader_path/Frameworks",
				);
				PRODUCT_BUNDLE_IDENTIFIER = prework.NewprojectTests;
				PRODUCT_NAME = "$(TARGET_NAME)";
				SWIFT_VERSION = 5.0;
				TARGETED_DEVICE_FAMILY = "1,2";
				TEST_HOST = "$(BUILT_PRODUCTS_DIR)/Newproject.app/Newproject";
			};
			name = Debug;
		};
		43C9CD8E25915C8900580791 /* Release */ = {
			isa = XCBuildConfiguration;
			buildSettings = {
				ALWAYS_EMBED_SWIFT_STANDARD_LIBRARIES = YES;
				BUNDLE_LOADER = "$(TEST_HOST)";
				CODE_SIGN_STYLE = Automatic;
				INFOPLIST_FILE = NewprojectTests/Info.plist;
				IPHONEOS_DEPLOYMENT_TARGET = 14.3;
				LD_RUNPATH_SEARCH_PATHS = (
					"$(inherited)",
					"@executable_path/Frameworks",
					"@loader_path/Frameworks",
				);
				PRODUCT_BUNDLE_IDENTIFIER = prework.NewprojectTests;
				PRODUCT_NAME = "$(TARGET_NAME)";
				SWIFT_VERSION = 5.0;
				TARGETED_DEVICE_FAMILY = "1,2";
				TEST_HOST = "$(BUILT_PRODUCTS_DIR)/Newproject.app/Newproject";
			};
			name = Release;
		};
		43C9CD9025915C8900580791 /* Debug */ = {
			isa = XCBuildConfiguration;
			buildSettings = {
				ALWAYS_EMBED_SWIFT_STANDARD_LIBRARIES = YES;
				CODE_SIGN_STYLE = Automatic;
				INFOPLIST_FILE = NewprojectUITests/Info.plist;
				LD_RUNPATH_SEARCH_PATHS = (
					"$(inherited)",
					"@executable_path/Frameworks",
					"@loader_path/Frameworks",
				);
				PRODUCT_BUNDLE_IDENTIFIER = prework.NewprojectUITests;
				PRODUCT_NAME = "$(TARGET_NAME)";
				SWIFT_VERSION = 5.0;
				TARGETED_DEVICE_FAMILY = "1,2";
				TEST_TARGET_NAME = Newproject;
			};
			name = Debug;
		};
		43C9CD9125915C8900580791 /* Release */ = {
			isa = XCBuildConfiguration;
			buildSettings = {
				ALWAYS_EMBED_SWIFT_STANDARD_LIBRARIES = YES;
				CODE_SIGN_STYLE = Automatic;
				INFOPLIST_FILE = NewprojectUITests/Info.plist;
				LD_RUNPATH_SEARCH_PATHS = (
					"$(inherited)",
					"@executable_path/Frameworks",
					"@loader_path/Frameworks",
				);
				PRODUCT_BUNDLE_IDENTIFIER = prework.NewprojectUITests;
				PRODUCT_NAME = "$(TARGET_NAME)";
				SWIFT_VERSION = 5.0;
				TARGETED_DEVICE_FAMILY = "1,2";
				TEST_TARGET_NAME = Newproject;
			};
			name = Release;
		};
/* End XCBuildConfiguration section */

/* Begin XCConfigurationList section */
		43C9CD5A25915C8500580791 /* Build configuration list for PBXProject "Newproject" */ = {
			isa = XCConfigurationList;
			buildConfigurations = (
				43C9CD8725915C8900580791 /* Debug */,
				43C9CD8825915C8900580791 /* Release */,
			);
			defaultConfigurationIsVisible = 0;
			defaultConfigurationName = Release;
		};
		43C9CD8925915C8900580791 /* Build configuration list for PBXNativeTarget "Newproject" */ = {
			isa = XCConfigurationList;
			buildConfigurations = (
				43C9CD8A25915C8900580791 /* Debug */,
				43C9CD8B25915C8900580791 /* Release */,
			);
			defaultConfigurationIsVisible = 0;
			defaultConfigurationName = Release;
		};
		43C9CD8C25915C8900580791 /* Build configuration list for PBXNativeTarget "NewprojectTests" */ = {
			isa = XCConfigurationList;
			buildConfigurations = (
				43C9CD8D25915C8900580791 /* Debug */,
				43C9CD8E25915C8900580791 /* Release */,
			);
			defaultConfigurationIsVisible = 0;
			defaultConfigurationName = Release;
		};
		43C9CD8F25915C8900580791 /* Build configuration list for PBXNativeTarget "NewprojectUITests" */ = {
			isa = XCConfigurationList;
			buildConfigurations = (
				43C9CD9025915C8900580791 /* Debug */,
				43C9CD9125915C8900580791 /* Release */,
			);
			defaultConfigurationIsVisible = 0;
			defaultConfigurationName = Release;
		};
/* End XCConfigurationList section */
	};
	rootObject = 43C9CD5725915C8500580791 /* Project object */;
}
